<Solution>
  <Project Path="AbstractApp/AbstractApp.csproj" Id="5e9e0145-46cc-49fd-840c-e5cb80e79a15" />
  <Project Path="AccountApp/AccountApp.csproj" Id="ad436637-7b05-4689-9032-16394c8cbe79" />
  <Project Path="ArgsDemo/ArgsDemo.csproj" Id="6a3fbc94-57aa-49c3-9042-c3bb6159b248" />
  <Project Path="ArrayApp/ArrayApp.csproj" Id="05e81b9a-482f-48b2-a07e-d438e0d423ea" />
  <Project Path="CitiesFor/CitiesFor.csproj" Id="29c24a7f-d779-4afc-a0de-47a5e44a00fc" />
  <Project Path="CollectionsApp/CollectionsApp.csproj" Id="30467aaf-d98f-46e7-b851-3683cf36ce0a" />
  <Project Path="CollectionsSort/CollectionsSort.csproj" Id="d2eca7b9-360b-4a25-abd4-548f08f0fbbf" />
  <Project Path="CopyApp/CopyApp.csproj" Id="6bab1c83-55d8-4fad-8723-bf8443cbfb8d" />
  <Project Path="DoWhileApp/DoWhileApp.csproj" Id="36dc0ce9-aa4c-4eb6-83de-f1e03f67cfd0" />
  <Project Path="ExpressionBodyMethods/ExpressionBodyMethods.csproj" Id="69699708-293a-4ecb-916e-0a8bdd0f16eb" />
  <Project Path="ExtractCapitals/ExtractCapitals.csproj" Id="397bdba4-6a6a-433f-aebf-88e75cd1d326" />
  <Project Path="FileManagement/FileManagement.csproj" Id="ec48736c-b6fb-46cd-b221-276490d62795" />
  <Project Path="FormatExceptionApp/FormatExceptionApp.csproj" Id="707b6c67-8cba-4b50-bd6a-67198a7373d7" />
  <Project Path="HelloWorld/HelloWorld.csproj" />
  <Project Path="IfCases/IfCases.csproj" Id="77224a61-2b8d-4a38-9039-d2e46a23fe68" />
  <Project Path="InterfacesApp/InterfacesApp.csproj" Id="8e8824d7-464f-4d9b-9346-ff4bfe361368" />
  <Project Path="KilometersApp/KilometersApp.csproj" Id="a1ebef17-4458-47ee-a71c-f079dc9a8ccd" />
  <Project Path="LinqApp/LinqApp.csproj" Id="9f67869d-ca65-4182-b590-b0cbde8e0f52" />
  <Project Path="LinqArrays/LinqArrays.csproj" Id="691c5910-9a58-45d3-972e-6ed24dc82efe" />
  <Project Path="MethodChallenges/MethodChallenges.csproj" Id="c0b93ed0-cf55-4ea1-ba3c-4c3a6321c767" />
  <Project Path="MethodsApp/MethodsApp.csproj" Id="8bbc953a-1244-43bc-a256-7703d65acda3" />
  <Project Path="MoreMethods/MoreMethods.csproj" Id="9dfd513c-eccb-4937-ad11-91fa0a840a7f" />
  <Project Path="NullableApp/NullableApp.csproj" Id="7f77941f-2eb1-4a1d-9e8d-9bae399d8d23" />
  <Project Path="NumberRead/NumberRead.csproj" />
  <Project Path="OperatorOverloading/OperatorOverloading.csproj" Id="bec8d6d9-d808-4866-a8cc-d046a27b3a30" />
  <Project Path="PalindromeStr/PalindromeStr.csproj" Id="3e528ffb-9d79-42d5-92e0-6e02994c9186" />
  <Project Path="PocoApp/PocoApp.csproj" Id="ca9257b7-454a-455d-8f99-c3c66aea9bbc" />
  <Project Path="PointApp/PointApp.csproj" Id="9718972d-7bbb-4e8d-9b77-a8f5f55f607e" />
  <Project Path="PrintingApp/PrintingApp.csproj" />
  <Project Path="ProductsVat/ProductsVat.csproj" Id="34bc60d3-3404-4a0a-8081-293496096e22" />
  <Project Path="RegExApp/RegExApp.csproj" Id="d410a41c-30e9-460e-9826-55fcf9c53453" />
  <Project Path="StringBuilderApp/StringBuilderApp.csproj" Id="d3490e7c-6f32-4ca3-a04b-2e78b3b9e61d" />
  <Project Path="StringsApp/StringsApp.csproj" Id="14e202fd-cb1c-4edb-88d2-3d539781abce" />
  <Project Path="SwapApp/SwapApp.csproj" Id="6ced25b7-3016-44b9-8971-83f10a0b617d" />
  <Project Path="SwitchApp/SwitchApp.csproj" Id="527b556f-4fca-4950-af1f-047a6c062cf0" />
  <Project Path="TravelingApp/TravelingApp.csproj" Id="a0c0d4d7-794d-4236-93d0-3cf92fba818b" />
  <Project Path="UtilityApp/UtilityApp.csproj" Id="bfaf1667-f540-4f25-9a7c-69b650b914e8" />
  <Project Path="WebAppStarter9/WebAppStarter9.csproj" Id="0e793bb9-ba66-4671-a5a6-6b6aac018eab" />
  <Project Path="WhileApp/WhileApp.csproj" Id="cdd8d4f0-caad-41d3-8076-7dc9d4e8a64a" />
</Solution>
