<Solution>
  <Project Path="HelloWorld/HelloWorld.csproj" />
  <Project Path="KilometersApp/KilometersApp.csproj" Id="a1ebef17-4458-47ee-a71c-f079dc9a8ccd" />
  <Project Path="NumberRead/NumberRead.csproj" />
  <Project Path="PrintingApp/PrintingApp.csproj" />
  <Project Path="ProductsVat/ProductsVat.csproj" Id="34bc60d3-3404-4a0a-8081-293496096e22" />
  <Project Path="TravelingApp/TravelingApp.csproj" Id="a0c0d4d7-794d-4236-93d0-3cf92fba818b" />
</Solution>
